// !$*UTF8*$!
{
	archiveVersion = 1;
	classes = {
	};
	objectVersion = 55;
	objects = {

/* Begin PBXBuildFile section */
		B5CAD10D26C2135200A4102E /* MockDatabaseService.swift in Sources */ = {isa = PBXBuildFile; fileRef = B5CAD10C26C2135200A4102E /* MockDatabaseService.swift */; };
		B5CAD10F26C21BD900A4102E /* TasksView.swift in Sources */ = {isa = PBXBuildFile; fileRef = B5CAD10E26C21BD900A4102E /* TasksView.swift */; };
		C52F9E3C27573AE20016AD7B /* DatabaseService.swift in Sources */ = {isa = PBXBuildFile; fileRef = C52F9E3B27573AE20016AD7B /* DatabaseService.swift */; };
		C5635DD027586D6400381BEC /* Previews.swift in Sources */ = {isa = PBXBuildFile; fileRef = C5635DCF27586D6400381BEC /* Previews.swift */; };
		C591F17C26DD62C60021B3CF /* CombineCloudKit in Frameworks */ = {isa = PBXBuildFile; productRef = C591F17B26DD62C60021B3CF /* CombineCloudKit */; };
		C5B5348526DEF8500017BE02 /* CloudKit.framework in Frameworks */ = {isa = PBXBuildFile; fileRef = C5B5348426DEF8500017BE02 /* CloudKit.framework */; };
		C5B5348726DF2C180017BE02 /* DatabaseViewModel.swift in Sources */ = {isa = PBXBuildFile; fileRef = C5B5348626DF2C180017BE02 /* DatabaseViewModel.swift */; };
		F8BC89AB251F9CC300566416 /* Task.swift in Sources */ = {isa = PBXBuildFile; fileRef = F8BC89AA251F9CC300566416 /* Task.swift */; };
		F8E140CC2511935F003B4289 /* App.swift in Sources */ = {isa = PBXBuildFile; fileRef = F8E140CB2511935F003B4289 /* App.swift */; };
		F8E140D025119360003B4289 /* Assets.xcassets in Resources */ = {isa = PBXBuildFile; fileRef = F8E140CF25119360003B4289 /* Assets.xcassets */; };
		F8E140DE25119361003B4289 /* TaskTrackerTests.swift in Sources */ = {isa = PBXBuildFile; fileRef = F8E140DD25119361003B4289 /* TaskTrackerTests.swift */; };
		F8E140E925119361003B4289 /* TaskTrackerUITests.swift in Sources */ = {isa = PBXBuildFile; fileRef = F8E140E825119361003B4289 /* TaskTrackerUITests.swift */; };
		F8E1419C2512BFC3003B4289 /* AddTaskView.swift in Sources */ = {isa = PBXBuildFile; fileRef = F8E1419B2512BFC3003B4289 /* AddTaskView.swift */; };
		F8E141A7251312CC003B4289 /* TaskRow.swift in Sources */ = {isa = PBXBuildFile; fileRef = F8E141A6251312CC003B4289 /* TaskRow.swift */; };
/* End PBXBuildFile section */

/* Begin PBXContainerItemProxy section */
		F8E140DA25119360003B4289 /* PBXContainerItemProxy */ = {
			isa = PBXContainerItemProxy;
			containerPortal = F8E140C02511935F003B4289 /* Project object */;
			proxyType = 1;
			remoteGlobalIDString = F8E140C72511935F003B4289;
			remoteInfo = TaskTracker;
		};
		F8E140E525119361003B4289 /* PBXContainerItemProxy */ = {
			isa = PBXContainerItemProxy;
			containerPortal = F8E140C02511935F003B4289 /* Project object */;
			proxyType = 1;
			remoteGlobalIDString = F8E140C72511935F003B4289;
			remoteInfo = TaskTracker;
		};
/* End PBXContainerItemProxy section */

/* Begin PBXFileReference section */
		B5CAD10C26C2135200A4102E /* MockDatabaseService.swift */ = {isa = PBXFileReference; lastKnownFileType = sourcecode.swift; path = MockDatabaseService.swift; sourceTree = "<group>"; };
		B5CAD10E26C21BD900A4102E /* TasksView.swift */ = {isa = PBXFileReference; fileEncoding = 4; lastKnownFileType = sourcecode.swift; path = TasksView.swift; sourceTree = "<group>"; };
		C516F2E426DD66E900CEB590 /* TaskTracker.entitlements */ = {isa = PBXFileReference; lastKnownFileType = text.plist.entitlements; path = TaskTracker.entitlements; sourceTree = "<group>"; };
		C52F9E3B27573AE20016AD7B /* DatabaseService.swift */ = {isa = PBXFileReference; lastKnownFileType = sourcecode.swift; path = DatabaseService.swift; sourceTree = "<group>"; };
		C5635DCF27586D6400381BEC /* Previews.swift */ = {isa = PBXFileReference; lastKnownFileType = sourcecode.swift; path = Previews.swift; sourceTree = "<group>"; };
		C5B5348426DEF8500017BE02 /* CloudKit.framework */ = {isa = PBXFileReference; lastKnownFileType = wrapper.framework; name = CloudKit.framework; path = System/Library/Frameworks/CloudKit.framework; sourceTree = SDKROOT; };
		C5B5348626DF2C180017BE02 /* DatabaseViewModel.swift */ = {isa = PBXFileReference; lastKnownFileType = sourcecode.swift; path = DatabaseViewModel.swift; sourceTree = "<group>"; };
		F8BC89AA251F9CC300566416 /* Task.swift */ = {isa = PBXFileReference; fileEncoding = 4; lastKnownFileType = sourcecode.swift; path = Task.swift; sourceTree = "<group>"; };
		F8E140C82511935F003B4289 /* ✅ Tasks.app */ = {isa = PBXFileReference; explicitFileType = wrapper.application; includeInIndex = 0; path = "✅ Tasks.app"; sourceTree = BUILT_PRODUCTS_DIR; };
		F8E140CB2511935F003B4289 /* App.swift */ = {isa = PBXFileReference; lastKnownFileType = sourcecode.swift; path = App.swift; sourceTree = "<group>"; };
		F8E140CF25119360003B4289 /* Assets.xcassets */ = {isa = PBXFileReference; lastKnownFileType = folder.assetcatalog; path = Assets.xcassets; sourceTree = "<group>"; };
		F8E140D425119360003B4289 /* Info.plist */ = {isa = PBXFileReference; lastKnownFileType = text.plist.xml; path = Info.plist; sourceTree = "<group>"; };
		F8E140D925119360003B4289 /* TaskTrackerTests.xctest */ = {isa = PBXFileReference; explicitFileType = wrapper.cfbundle; includeInIndex = 0; path = TaskTrackerTests.xctest; sourceTree = BUILT_PRODUCTS_DIR; };
		F8E140DD25119361003B4289 /* TaskTrackerTests.swift */ = {isa = PBXFileReference; lastKnownFileType = sourcecode.swift; path = TaskTrackerTests.swift; sourceTree = "<group>"; };
		F8E140DF25119361003B4289 /* Info.plist */ = {isa = PBXFileReference; lastKnownFileType = text.plist.xml; path = Info.plist; sourceTree = "<group>"; };
		F8E140E425119361003B4289 /* TaskTrackerUITests.xctest */ = {isa = PBXFileReference; explicitFileType = wrapper.cfbundle; includeInIndex = 0; path = TaskTrackerUITests.xctest; sourceTree = BUILT_PRODUCTS_DIR; };
		F8E140E825119361003B4289 /* TaskTrackerUITests.swift */ = {isa = PBXFileReference; lastKnownFileType = sourcecode.swift; path = TaskTrackerUITests.swift; sourceTree = "<group>"; };
		F8E140EA25119361003B4289 /* Info.plist */ = {isa = PBXFileReference; lastKnownFileType = text.plist.xml; path = Info.plist; sourceTree = "<group>"; };
		F8E1419B2512BFC3003B4289 /* AddTaskView.swift */ = {isa = PBXFileReference; lastKnownFileType = sourcecode.swift; path = AddTaskView.swift; sourceTree = "<group>"; };
		F8E141A6251312CC003B4289 /* TaskRow.swift */ = {isa = PBXFileReference; lastKnownFileType = sourcecode.swift; path = TaskRow.swift; sourceTree = "<group>"; };
/* End PBXFileReference section */

/* Begin PBXFrameworksBuildPhase section */
		F8E140C52511935F003B4289 /* Frameworks */ = {
			isa = PBXFrameworksBuildPhase;
			buildActionMask = 2147483647;
			files = (
				C591F17C26DD62C60021B3CF /* CombineCloudKit in Frameworks */,
				C5B5348526DEF8500017BE02 /* CloudKit.framework in Frameworks */,
			);
			runOnlyForDeploymentPostprocessing = 0;
		};
		F8E140D625119360003B4289 /* Frameworks */ = {
			isa = PBXFrameworksBuildPhase;
			buildActionMask = 2147483647;
			files = (
			);
			runOnlyForDeploymentPostprocessing = 0;
		};
		F8E140E125119361003B4289 /* Frameworks */ = {
			isa = PBXFrameworksBuildPhase;
			buildActionMask = 2147483647;
			files = (
			);
			runOnlyForDeploymentPostprocessing = 0;
		};
/* End PBXFrameworksBuildPhase section */

/* Begin PBXGroup section */
		C50581652727B80500D7FEB6 /* ViewModels */ = {
			isa = PBXGroup;
			children = (
				C5B5348626DF2C180017BE02 /* DatabaseViewModel.swift */,
			);
			path = ViewModels;
			sourceTree = "<group>";
		};
		C52F9E3A27573AC90016AD7B /* Services */ = {
			isa = PBXGroup;
			children = (
				C52F9E3B27573AE20016AD7B /* DatabaseService.swift */,
			);
			path = Services;
			sourceTree = "<group>";
		};
		C5B5348326DEF8500017BE02 /* Frameworks */ = {
			isa = PBXGroup;
			children = (
				C5B5348426DEF8500017BE02 /* CloudKit.framework */,
			);
			name = Frameworks;
			sourceTree = "<group>";
		};
		F8BC899C251F9C9A00566416 /* Models */ = {
			isa = PBXGroup;
			children = (
				F8BC89AA251F9CC300566416 /* Task.swift */,
			);
			path = Models;
			sourceTree = "<group>";
		};
		F8E140BF2511935F003B4289 = {
			isa = PBXGroup;
			children = (
				F8E140CA2511935F003B4289 /* TaskTracker */,
				F8E140DC25119361003B4289 /* TaskTrackerTests */,
				F8E140E725119361003B4289 /* TaskTrackerUITests */,
				C5B5348326DEF8500017BE02 /* Frameworks */,
				F8E140C92511935F003B4289 /* Products */,
			);
			sourceTree = "<group>";
		};
		F8E140C92511935F003B4289 /* Products */ = {
			isa = PBXGroup;
			children = (
				F8E140C82511935F003B4289 /* ✅ Tasks.app */,
				F8E140D925119360003B4289 /* TaskTrackerTests.xctest */,
				F8E140E425119361003B4289 /* TaskTrackerUITests.xctest */,
			);
			name = Products;
			sourceTree = "<group>";
		};
		F8E140CA2511935F003B4289 /* TaskTracker */ = {
			isa = PBXGroup;
			children = (
				C516F2E426DD66E900CEB590 /* TaskTracker.entitlements */,
				F8E140CF25119360003B4289 /* Assets.xcassets */,
				F8E140D425119360003B4289 /* Info.plist */,
				F8E140CB2511935F003B4289 /* App.swift */,
				F8BC899C251F9C9A00566416 /* Models */,
				F8E140D125119360003B4289 /* Previews */,
				C52F9E3A27573AC90016AD7B /* Services */,
				F8E141562511A64A003B4289 /* Views */,
				C50581652727B80500D7FEB6 /* ViewModels */,
			);
			path = TaskTracker;
			sourceTree = "<group>";
		};
		F8E140D125119360003B4289 /* Previews */ = {
			isa = PBXGroup;
			children = (
				B5CAD10C26C2135200A4102E /* MockDatabaseService.swift */,
				C5635DCF27586D6400381BEC /* Previews.swift */,
			);
			path = Previews;
			sourceTree = "<group>";
		};
		F8E140DC25119361003B4289 /* TaskTrackerTests */ = {
			isa = PBXGroup;
			children = (
				F8E140DD25119361003B4289 /* TaskTrackerTests.swift */,
				F8E140DF25119361003B4289 /* Info.plist */,
			);
			path = TaskTrackerTests;
			sourceTree = "<group>";
		};
		F8E140E725119361003B4289 /* TaskTrackerUITests */ = {
			isa = PBXGroup;
			children = (
				F8E140E825119361003B4289 /* TaskTrackerUITests.swift */,
				F8E140EA25119361003B4289 /* Info.plist */,
			);
			path = TaskTrackerUITests;
			sourceTree = "<group>";
		};
		F8E141562511A64A003B4289 /* Views */ = {
			isa = PBXGroup;
			children = (
				F8E1419B2512BFC3003B4289 /* AddTaskView.swift */,
				B5CAD10E26C21BD900A4102E /* TasksView.swift */,
				F8E141A6251312CC003B4289 /* TaskRow.swift */,
			);
			path = Views;
			sourceTree = "<group>";
		};
/* End PBXGroup section */

/* Begin PBXNativeTarget section */
		F8E140C72511935F003B4289 /* TaskTracker */ = {
			isa = PBXNativeTarget;
			buildConfigurationList = F8E140ED25119361003B4289 /* Build configuration list for PBXNativeTarget "TaskTracker" */;
			buildPhases = (
				F8E140C42511935F003B4289 /* Sources */,
				F8E140C52511935F003B4289 /* Frameworks */,
				F8E140C62511935F003B4289 /* Resources */,
			);
			buildRules = (
			);
			dependencies = (
			);
			name = TaskTracker;
			packageProductDependencies = (
				C591F17B26DD62C60021B3CF /* CombineCloudKit */,
			);
			productName = TaskTracker;
			productReference = F8E140C82511935F003B4289 /* ✅ Tasks.app */;
			productType = "com.apple.product-type.application";
		};
		F8E140D825119360003B4289 /* TaskTrackerTests */ = {
			isa = PBXNativeTarget;
			buildConfigurationList = F8E140F025119361003B4289 /* Build configuration list for PBXNativeTarget "TaskTrackerTests" */;
			buildPhases = (
				F8E140D525119360003B4289 /* Sources */,
				F8E140D625119360003B4289 /* Frameworks */,
				F8E140D725119360003B4289 /* Resources */,
			);
			buildRules = (
			);
			dependencies = (
				F8E140DB25119360003B4289 /* PBXTargetDependency */,
			);
			name = TaskTrackerTests;
			productName = TaskTrackerTests;
			productReference = F8E140D925119360003B4289 /* TaskTrackerTests.xctest */;
			productType = "com.apple.product-type.bundle.unit-test";
		};
		F8E140E325119361003B4289 /* TaskTrackerUITests */ = {
			isa = PBXNativeTarget;
			buildConfigurationList = F8E140F325119361003B4289 /* Build configuration list for PBXNativeTarget "TaskTrackerUITests" */;
			buildPhases = (
				F8E140E025119361003B4289 /* Sources */,
				F8E140E125119361003B4289 /* Frameworks */,
				F8E140E225119361003B4289 /* Resources */,
			);
			buildRules = (
			);
			dependencies = (
				F8E140E625119361003B4289 /* PBXTargetDependency */,
			);
			name = TaskTrackerUITests;
			productName = TaskTrackerUITests;
			productReference = F8E140E425119361003B4289 /* TaskTrackerUITests.xctest */;
			productType = "com.apple.product-type.bundle.ui-testing";
		};
/* End PBXNativeTarget section */

/* Begin PBXProject section */
		F8E140C02511935F003B4289 /* Project object */ = {
			isa = PBXProject;
			attributes = {
				LastSwiftUpdateCheck = 1200;
				LastUpgradeCheck = 1200;
				TargetAttributes = {
					F8E140C72511935F003B4289 = {
						CreatedOnToolsVersion = 12.0;
					};
					F8E140D825119360003B4289 = {
						CreatedOnToolsVersion = 12.0;
						TestTargetID = F8E140C72511935F003B4289;
					};
					F8E140E325119361003B4289 = {
						CreatedOnToolsVersion = 12.0;
						TestTargetID = F8E140C72511935F003B4289;
					};
				};
			};
			buildConfigurationList = F8E140C32511935F003B4289 /* Build configuration list for PBXProject "TaskTracker" */;
			compatibilityVersion = "Xcode 13.0";
			developmentRegion = en;
			hasScannedForEncodings = 0;
			knownRegions = (
				en,
				Base,
			);
			mainGroup = F8E140BF2511935F003B4289;
			packageReferences = (
				C591F17A26DD62C60021B3CF /* XCRemoteSwiftPackageReference "CombineCloudKit" */,
			);
			productRefGroup = F8E140C92511935F003B4289 /* Products */;
			projectDirPath = "";
			projectRoot = "";
			targets = (
				F8E140C72511935F003B4289 /* TaskTracker */,
				F8E140D825119360003B4289 /* TaskTrackerTests */,
				F8E140E325119361003B4289 /* TaskTrackerUITests */,
			);
		};
/* End PBXProject section */

/* Begin PBXResourcesBuildPhase section */
		F8E140C62511935F003B4289 /* Resources */ = {
			isa = PBXResourcesBuildPhase;
			buildActionMask = 2147483647;
			files = (
				F8E140D025119360003B4289 /* Assets.xcassets in Resources */,
			);
			runOnlyForDeploymentPostprocessing = 0;
		};
		F8E140D725119360003B4289 /* Resources */ = {
			isa = PBXResourcesBuildPhase;
			buildActionMask = 2147483647;
			files = (
			);
			runOnlyForDeploymentPostprocessing = 0;
		};
		F8E140E225119361003B4289 /* Resources */ = {
			isa = PBXResourcesBuildPhase;
			buildActionMask = 2147483647;
			files = (
			);
			runOnlyForDeploymentPostprocessing = 0;
		};
/* End PBXResourcesBuildPhase section */

/* Begin PBXSourcesBuildPhase section */
		F8E140C42511935F003B4289 /* Sources */ = {
			isa = PBXSourcesBuildPhase;
			buildActionMask = 2147483647;
			files = (
				F8E140CC2511935F003B4289 /* App.swift in Sources */,
				F8E141A7251312CC003B4289 /* TaskRow.swift in Sources */,
				F8BC89AB251F9CC300566416 /* Task.swift in Sources */,
				B5CAD10F26C21BD900A4102E /* TasksView.swift in Sources */,
				C5635DD027586D6400381BEC /* Previews.swift in Sources */,
				B5CAD10D26C2135200A4102E /* MockDatabaseService.swift in Sources */,
				C52F9E3C27573AE20016AD7B /* DatabaseService.swift in Sources */,
				F8E1419C2512BFC3003B4289 /* AddTaskView.swift in Sources */,
				C5B5348726DF2C180017BE02 /* DatabaseViewModel.swift in Sources */,
			);
			runOnlyForDeploymentPostprocessing = 0;
		};
		F8E140D525119360003B4289 /* Sources */ = {
			isa = PBXSourcesBuildPhase;
			buildActionMask = 2147483647;
			files = (
				F8E140DE25119361003B4289 /* TaskTrackerTests.swift in Sources */,
			);
			runOnlyForDeploymentPostprocessing = 0;
		};
		F8E140E025119361003B4289 /* Sources */ = {
			isa = PBXSourcesBuildPhase;
			buildActionMask = 2147483647;
			files = (
				F8E140E925119361003B4289 /* TaskTrackerUITests.swift in Sources */,
			);
			runOnlyForDeploymentPostprocessing = 0;
		};
/* End PBXSourcesBuildPhase section */

/* Begin PBXTargetDependency section */
		F8E140DB25119360003B4289 /* PBXTargetDependency */ = {
			isa = PBXTargetDependency;
			target = F8E140C72511935F003B4289 /* TaskTracker */;
			targetProxy = F8E140DA25119360003B4289 /* PBXContainerItemProxy */;
		};
		F8E140E625119361003B4289 /* PBXTargetDependency */ = {
			isa = PBXTargetDependency;
			target = F8E140C72511935F003B4289 /* TaskTracker */;
			targetProxy = F8E140E525119361003B4289 /* PBXContainerItemProxy */;
		};
/* End PBXTargetDependency section */

/* Begin XCBuildConfiguration section */
		F8E140EB25119361003B4289 /* Debug */ = {
			isa = XCBuildConfiguration;
			buildSettings = {
				ALWAYS_SEARCH_USER_PATHS = NO;
				CLANG_ANALYZER_NONNULL = YES;
				CLANG_ANALYZER_NUMBER_OBJECT_CONVERSION = YES_AGGRESSIVE;
				CLANG_CXX_LANGUAGE_STANDARD = "gnu++14";
				CLANG_CXX_LIBRARY = "libc++";
				CLANG_ENABLE_MODULES = YES;
				CLANG_ENABLE_OBJC_ARC = YES;
				CLANG_ENABLE_OBJC_WEAK = YES;
				CLANG_WARN_BLOCK_CAPTURE_AUTORELEASING = YES;
				CLANG_WARN_BOOL_CONVERSION = YES;
				CLANG_WARN_COMMA = YES;
				CLANG_WARN_CONSTANT_CONVERSION = YES;
				CLANG_WARN_DEPRECATED_OBJC_IMPLEMENTATIONS = YES;
				CLANG_WARN_DIRECT_OBJC_ISA_USAGE = YES_ERROR;
				CLANG_WARN_DOCUMENTATION_COMMENTS = YES;
				CLANG_WARN_EMPTY_BODY = YES;
				CLANG_WARN_ENUM_CONVERSION = YES;
				CLANG_WARN_INFINITE_RECURSION = YES;
				CLANG_WARN_INT_CONVERSION = YES;
				CLANG_WARN_NON_LITERAL_NULL_CONVERSION = YES;
				CLANG_WARN_OBJC_IMPLICIT_RETAIN_SELF = YES;
				CLANG_WARN_OBJC_LITERAL_CONVERSION = YES;
				CLANG_WARN_OBJC_ROOT_CLASS = YES_ERROR;
				CLANG_WARN_QUOTED_INCLUDE_IN_FRAMEWORK_HEADER = YES;
				CLANG_WARN_RANGE_LOOP_ANALYSIS = YES;
				CLANG_WARN_STRICT_PROTOTYPES = YES;
				CLANG_WARN_SUSPICIOUS_MOVE = YES;
				CLANG_WARN_UNGUARDED_AVAILABILITY = YES_AGGRESSIVE;
				CLANG_WARN_UNREACHABLE_CODE = YES;
				CLANG_WARN__DUPLICATE_METHOD_MATCH = YES;
				COPY_PHASE_STRIP = NO;
				DEBUG_INFORMATION_FORMAT = dwarf;
				ENABLE_STRICT_OBJC_MSGSEND = YES;
				ENABLE_TESTABILITY = YES;
				GCC_C_LANGUAGE_STANDARD = gnu11;
				GCC_DYNAMIC_NO_PIC = NO;
				GCC_NO_COMMON_BLOCKS = YES;
				GCC_OPTIMIZATION_LEVEL = 0;
				GCC_PREPROCESSOR_DEFINITIONS = (
					"DEBUG=1",
					"$(inherited)",
				);
				GCC_WARN_64_TO_32_BIT_CONVERSION = YES;
				GCC_WARN_ABOUT_RETURN_TYPE = YES_ERROR;
				GCC_WARN_UNDECLARED_SELECTOR = YES;
				GCC_WARN_UNINITIALIZED_AUTOS = YES_AGGRESSIVE;
				GCC_WARN_UNUSED_FUNCTION = YES;
				GCC_WARN_UNUSED_VARIABLE = YES;
				MTL_ENABLE_DEBUG_INFO = INCLUDE_SOURCE;
				MTL_FAST_MATH = YES;
				ONLY_ACTIVE_ARCH = YES;
				SDKROOT = iphoneos;
				SWIFT_ACTIVE_COMPILATION_CONDITIONS = DEBUG;
				SWIFT_OPTIMIZATION_LEVEL = "-Onone";
			};
			name = Debug;
		};
		F8E140EC25119361003B4289 /* Release */ = {
			isa = XCBuildConfiguration;
			buildSettings = {
				ALWAYS_SEARCH_USER_PATHS = NO;
				CLANG_ANALYZER_NONNULL = YES;
				CLANG_ANALYZER_NUMBER_OBJECT_CONVERSION = YES_AGGRESSIVE;
				CLANG_CXX_LANGUAGE_STANDARD = "gnu++14";
				CLANG_CXX_LIBRARY = "libc++";
				CLANG_ENABLE_MODULES = YES;
				CLANG_ENABLE_OBJC_ARC = YES;
				CLANG_ENABLE_OBJC_WEAK = YES;
				CLANG_WARN_BLOCK_CAPTURE_AUTORELEASING = YES;
				CLANG_WARN_BOOL_CONVERSION = YES;
				CLANG_WARN_COMMA = YES;
				CLANG_WARN_CONSTANT_CONVERSION = YES;
				CLANG_WARN_DEPRECATED_OBJC_IMPLEMENTATIONS = YES;
				CLANG_WARN_DIRECT_OBJC_ISA_USAGE = YES_ERROR;
				CLANG_WARN_DOCUMENTATION_COMMENTS = YES;
				CLANG_WARN_EMPTY_BODY = YES;
				CLANG_WARN_ENUM_CONVERSION = YES;
				CLANG_WARN_INFINITE_RECURSION = YES;
				CLANG_WARN_INT_CONVERSION = YES;
				CLANG_WARN_NON_LITERAL_NULL_CONVERSION = YES;
				CLANG_WARN_OBJC_IMPLICIT_RETAIN_SELF = YES;
				CLANG_WARN_OBJC_LITERAL_CONVERSION = YES;
				CLANG_WARN_OBJC_ROOT_CLASS = YES_ERROR;
				CLANG_WARN_QUOTED_INCLUDE_IN_FRAMEWORK_HEADER = YES;
				CLANG_WARN_RANGE_LOOP_ANALYSIS = YES;
				CLANG_WARN_STRICT_PROTOTYPES = YES;
				CLANG_WARN_SUSPICIOUS_MOVE = YES;
				CLANG_WARN_UNGUARDED_AVAILABILITY = YES_AGGRESSIVE;
				CLANG_WARN_UNREACHABLE_CODE = YES;
				CLANG_WARN__DUPLICATE_METHOD_MATCH = YES;
				COPY_PHASE_STRIP = NO;
				DEBUG_INFORMATION_FORMAT = "dwarf-with-dsym";
				ENABLE_NS_ASSERTIONS = NO;
				ENABLE_STRICT_OBJC_MSGSEND = YES;
				GCC_C_LANGUAGE_STANDARD = gnu11;
				GCC_NO_COMMON_BLOCKS = YES;
				GCC_WARN_64_TO_32_BIT_CONVERSION = YES;
				GCC_WARN_ABOUT_RETURN_TYPE = YES_ERROR;
				GCC_WARN_UNDECLARED_SELECTOR = YES;
				GCC_WARN_UNINITIALIZED_AUTOS = YES_AGGRESSIVE;
				GCC_WARN_UNUSED_FUNCTION = YES;
				GCC_WARN_UNUSED_VARIABLE = YES;
				MTL_ENABLE_DEBUG_INFO = NO;
				MTL_FAST_MATH = YES;
				SDKROOT = iphoneos;
				SWIFT_COMPILATION_MODE = wholemodule;
				SWIFT_OPTIMIZATION_LEVEL = "-O";
				VALIDATE_PRODUCT = YES;
			};
			name = Release;
		};
		F8E140EE25119361003B4289 /* Debug */ = {
			isa = XCBuildConfiguration;
			buildSettings = {
				ASSETCATALOG_COMPILER_APPICON_NAME = AppIcon;
				ASSETCATALOG_COMPILER_GLOBAL_ACCENT_COLOR_NAME = AccentColor;
				CODE_SIGN_ENTITLEMENTS = TaskTracker/TaskTracker.entitlements;
				CODE_SIGN_IDENTITY = "Apple Development";
				"CODE_SIGN_IDENTITY[sdk=macosx*]" = "Apple Development";
				CODE_SIGN_STYLE = Automatic;
				CURRENT_PROJECT_VERSION = 1;
				DEVELOPMENT_ASSET_PATHS = "\"TaskTracker/Previews\"";
				DEVELOPMENT_TEAM = 8G8C7E8465;
				"ENABLE_HARDENED_RUNTIME[sdk=macosx*]" = YES;
				ENABLE_PREVIEWS = YES;
				INFOPLIST_FILE = TaskTracker/Info.plist;
				LD_RUNPATH_SEARCH_PATHS = (
					"$(inherited)",
					"@executable_path/Frameworks",
				);
				MARKETING_VERSION = 3.0;
				PRODUCT_BUNDLE_IDENTIFIER = dev.hiddenplace.TaskTracker;
				PRODUCT_NAME = "✅ Tasks";
				PROVISIONING_PROFILE_SPECIFIER = "";
				"PROVISIONING_PROFILE_SPECIFIER[sdk=macosx*]" = "";
				SUPPORTS_MACCATALYST = YES;
				SUPPORTS_MAC_DESIGNED_FOR_IPHONE_IPAD = NO;
				SWIFT_VERSION = 5.0;
				TARGETED_DEVICE_FAMILY = "1,2,6";
				VERSIONING_SYSTEM = "apple-generic";
			};
			name = Debug;
		};
		F8E140EF25119361003B4289 /* Release */ = {
			isa = XCBuildConfiguration;
			buildSettings = {
				ASSETCATALOG_COMPILER_APPICON_NAME = AppIcon;
				ASSETCATALOG_COMPILER_GLOBAL_ACCENT_COLOR_NAME = AccentColor;
				CODE_SIGN_ENTITLEMENTS = TaskTracker/TaskTracker.entitlements;
				CODE_SIGN_IDENTITY = "Apple Development";
				"CODE_SIGN_IDENTITY[sdk=macosx*]" = "Apple Development";
				CODE_SIGN_STYLE = Automatic;
				CURRENT_PROJECT_VERSION = 1;
				DEVELOPMENT_ASSET_PATHS = "\"TaskTracker/Previews\"";
				DEVELOPMENT_TEAM = 8G8C7E8465;
				"ENABLE_HARDENED_RUNTIME[sdk=macosx*]" = YES;
				ENABLE_PREVIEWS = YES;
				INFOPLIST_FILE = TaskTracker/Info.plist;
				LD_RUNPATH_SEARCH_PATHS = (
					"$(inherited)",
					"@executable_path/Frameworks",
				);
				MARKETING_VERSION = 3.0;
				PRODUCT_BUNDLE_IDENTIFIER = dev.hiddenplace.TaskTracker;
				PRODUCT_NAME = "✅ Tasks";
				PROVISIONING_PROFILE_SPECIFIER = "";
				"PROVISIONING_PROFILE_SPECIFIER[sdk=macosx*]" = "";
				SUPPORTS_MACCATALYST = YES;
				SUPPORTS_MAC_DESIGNED_FOR_IPHONE_IPAD = NO;
				SWIFT_VERSION = 5.0;
				TARGETED_DEVICE_FAMILY = "1,2,6";
				VERSIONING_SYSTEM = "apple-generic";
			};
			name = Release;
		};
		F8E140F125119361003B4289 /* Debug */ = {
			isa = XCBuildConfiguration;
			buildSettings = {
				BUNDLE_LOADER = "$(TEST_HOST)";
				CODE_SIGN_STYLE = Automatic;
				DEVELOPMENT_TEAM = 8G8C7E8465;
				INFOPLIST_FILE = TaskTrackerTests/Info.plist;
				LD_RUNPATH_SEARCH_PATHS = (
					"$(inherited)",
					"@executable_path/Frameworks",
					"@loader_path/Frameworks",
				);
				PRODUCT_BUNDLE_IDENTIFIER = "co.log-g.TaskTrackerTests";
				PRODUCT_NAME = "$(TARGET_NAME)";
				SWIFT_VERSION = 5.0;
				TARGETED_DEVICE_FAMILY = "1,2";
				TEST_HOST = "$(BUILT_PRODUCTS_DIR)/✅ Tasks.app/✅ Tasks";
			};
			name = Debug;
		};
		F8E140F225119361003B4289 /* Release */ = {
			isa = XCBuildConfiguration;
			buildSettings = {
				BUNDLE_LOADER = "$(TEST_HOST)";
				CODE_SIGN_STYLE = Automatic;
				DEVELOPMENT_TEAM = 8G8C7E8465;
				INFOPLIST_FILE = TaskTrackerTests/Info.plist;
				LD_RUNPATH_SEARCH_PATHS = (
					"$(inherited)",
					"@executable_path/Frameworks",
					"@loader_path/Frameworks",
				);
				PRODUCT_BUNDLE_IDENTIFIER = "co.log-g.TaskTrackerTests";
				PRODUCT_NAME = "$(TARGET_NAME)";
				SWIFT_VERSION = 5.0;
				TARGETED_DEVICE_FAMILY = "1,2";
				TEST_HOST = "$(BUILT_PRODUCTS_DIR)/✅ Tasks.app/✅ Tasks";
			};
			name = Release;
		};
		F8E140F425119361003B4289 /* Debug */ = {
			isa = XCBuildConfiguration;
			buildSettings = {
				CODE_SIGN_STYLE = Automatic;
				DEVELOPMENT_TEAM = 8G8C7E8465;
				INFOPLIST_FILE = TaskTrackerUITests/Info.plist;
				LD_RUNPATH_SEARCH_PATHS = (
					"$(inherited)",
					"@executable_path/Frameworks",
					"@loader_path/Frameworks",
				);
				PRODUCT_BUNDLE_IDENTIFIER = "co.log-g.TaskTrackerUITests";
				PRODUCT_NAME = "$(TARGET_NAME)";
				SWIFT_VERSION = 5.0;
				TARGETED_DEVICE_FAMILY = "1,2";
				TEST_TARGET_NAME = TaskTracker;
			};
			name = Debug;
		};
		F8E140F525119361003B4289 /* Release */ = {
			isa = XCBuildConfiguration;
			buildSettings = {
				CODE_SIGN_STYLE = Automatic;
				DEVELOPMENT_TEAM = 8G8C7E8465;
				INFOPLIST_FILE = TaskTrackerUITests/Info.plist;
				LD_RUNPATH_SEARCH_PATHS = (
					"$(inherited)",
					"@executable_path/Frameworks",
					"@loader_path/Frameworks",
				);
				PRODUCT_BUNDLE_IDENTIFIER = "co.log-g.TaskTrackerUITests";
				PRODUCT_NAME = "$(TARGET_NAME)";
				SWIFT_VERSION = 5.0;
				TARGETED_DEVICE_FAMILY = "1,2";
				TEST_TARGET_NAME = TaskTracker;
			};
			name = Release;
		};
/* End XCBuildConfiguration section */

/* Begin XCConfigurationList section */
		F8E140C32511935F003B4289 /* Build configuration list for PBXProject "TaskTracker" */ = {
			isa = XCConfigurationList;
			buildConfigurations = (
				F8E140EB25119361003B4289 /* Debug */,
				F8E140EC25119361003B4289 /* Release */,
			);
			defaultConfigurationIsVisible = 0;
			defaultConfigurationName = Release;
		};
		F8E140ED25119361003B4289 /* Build configuration list for PBXNativeTarget "TaskTracker" */ = {
			isa = XCConfigurationList;
			buildConfigurations = (
				F8E140EE25119361003B4289 /* Debug */,
				F8E140EF25119361003B4289 /* Release */,
			);
			defaultConfigurationIsVisible = 0;
			defaultConfigurationName = Release;
		};
		F8E140F025119361003B4289 /* Build configuration list for PBXNativeTarget "TaskTrackerTests" */ = {
			isa = XCConfigurationList;
			buildConfigurations = (
				F8E140F125119361003B4289 /* Debug */,
				F8E140F225119361003B4289 /* Release */,
			);
			defaultConfigurationIsVisible = 0;
			defaultConfigurationName = Release;
		};
		F8E140F325119361003B4289 /* Build configuration list for PBXNativeTarget "TaskTrackerUITests" */ = {
			isa = XCConfigurationList;
			buildConfigurations = (
				F8E140F425119361003B4289 /* Debug */,
				F8E140F525119361003B4289 /* Release */,
			);
			defaultConfigurationIsVisible = 0;
			defaultConfigurationName = Release;
		};
/* End XCConfigurationList section */

/* Begin XCRemoteSwiftPackageReference section */
		C591F17A26DD62C60021B3CF /* XCRemoteSwiftPackageReference "CombineCloudKit" */ = {
			isa = XCRemoteSwiftPackageReference;
			repositoryURL = "https://github.com/chris-araman/CombineCloudKit.git";
			requirement = {
				kind = upToNextMajorVersion;
				minimumVersion = 1.0.0;
			};
		};
/* End XCRemoteSwiftPackageReference section */

/* Begin XCSwiftPackageProductDependency section */
		C591F17B26DD62C60021B3CF /* CombineCloudKit */ = {
			isa = XCSwiftPackageProductDependency;
			package = C591F17A26DD62C60021B3CF /* XCRemoteSwiftPackageReference "CombineCloudKit" */;
			productName = CombineCloudKit;
		};
/* End XCSwiftPackageProductDependency section */
	};
	rootObject = F8E140C02511935F003B4289 /* Project object */;
}
