{
  "object": {
    "pins": [
      {
        "package": "CombineCloudKit",
        "repositoryURL": "https://github.com/chris-araman/CombineCloudKit.git",
        "state": {
          "branch": null,
          "revision": "ddce194781e6fc180ef344a62c56b1b7766e1f4a",
          "version": "1.0.1"
        }
      }
    ]
  },
  "version": 1
}
